version = 1
revision = 3
requires-python = ">=3.10, <3.14"

[[package]]
name = "av"
version = "16.1.0"
source = { registry = "https://pypi.org/simple" }
sdist = { url = "https://files.pythonhosted.org/packages/78/cd/3a83ffbc3cc25b39721d174487fb0d51a76582f4a1703f98e46170ce83d4/av-16.1.0.tar.gz", hash = "sha256:a094b4fd87a3721dacf02794d3d2c82b8d712c85b9534437e82a8a978c175ffd", size = 4285203, upload-time = "2026-01-11T07:31:33.772Z" }
wheels = [
    { url = "https://files.pythonhosted.org/packages/97/51/2217a9249409d2e88e16e3f16f7c0def9fd3e7ffc4238b2ec211f9935bdb/av-16.1.0-cp310-cp310-macosx_11_0_x86_64.whl", hash = "sha256:2395748b0c34fe3a150a1721e4f3d4487b939520991b13e7b36f8926b3b12295", size = 26942590, upload-time = "2026-01-09T20:17:58.588Z" },
    { url = "https://files.pythonhosted.org/packages/bf/cd/a7070f4febc76a327c38808e01e2ff6b94531fe0b321af54ea3915165338/av-16.1.0-cp310-cp310-macosx_14_0_arm64.whl", hash = "sha256:72d7ac832710a158eeb7a93242370aa024a7646516291c562ee7f14a7ea881fd", size = 21507910, upload-time = "2026-01-09T20:18:02.309Z" },
    { url = "https://files.pythonhosted.org/packages/ae/30/ec812418cd9b297f0238fe20eb0747d8a8b68d82c5f73c56fe519a274143/av-16.1.0-cp310-cp310-manylinux_2_28_aarch64.whl", hash = "sha256:6cbac833092e66b6b0ac4d81ab077970b8ca874951e9c3974d41d922aaa653ed", size = 38738309, upload-time = "2026-01-09T20:18:04.701Z" },
    { url = "https://files.pythonhosted.org/packages/3a/b8/6c5795bf1f05f45c5261f8bce6154e0e5e86b158a6676650ddd77c28805e/av-16.1.0-cp310-cp310-manylinux_2_28_x86_64.whl", hash = "sha256:eb990672d97c18f99c02f31c8d5750236f770ffe354b5a52c5f4d16c5e65f619", size = 40293006, upload-time = "2026-01-09T20:18:07.238Z" },
    { url = "https://files.pythonhosted.org/packages/a7/44/5e183bcb9333fc3372ee6e683be8b0c9b515a506894b2d32ff465430c074/av-16.1.0-cp310-cp310-musllinux_1_2_aarch64.whl", hash = "sha256:05ad70933ac3b8ef896a820ea64b33b6cca91a5fac5259cb9ba7fa010435be15", size = 40123516, upload-time = "2026-01-09T20:18:09.955Z" },
    { url = "https://files.pythonhosted.org/packages/12/1d/b5346d582a3c3d958b4d26a2cc63ce607233582d956121eb20d2bbe55c2e/av-16.1.0-cp310-cp310-musllinux_1_2_x86_64.whl", hash = "sha256:d831a1062a3c47520bf99de6ec682bd1d64a40dfa958e5457bb613c5270e7ce3", size = 41463289, upload-time = "2026-01-09T20:18:12.459Z" },
    { url = "https://files.pythonhosted.org/packages/fa/31/acc946c0545f72b8d0d74584cb2a0ade9b7dfe2190af3ef9aa52a2e3c0b1/av-16.1.0-cp310-cp310-win_amd64.whl", hash = "sha256:358ab910fef3c5a806c55176f2b27e5663b33c4d0a692dafeb049c6ed71f8aff", size = 31754959, upload-time = "2026-01-09T20:18:14.718Z" },
    { url = "https://files.pythonhosted.org/packages/48/d0/b71b65d1b36520dcb8291a2307d98b7fc12329a45614a303ff92ada4d723/av-16.1.0-cp311-cp311-macosx_11_0_x86_64.whl", hash = "sha256:e88ad64ee9d2b9c4c5d891f16c22ae78e725188b8926eb88187538d9dd0b232f", size = 26927747, upload-time = "2026-01-09T20:18:16.976Z" },
    { url = "https://files.pythonhosted.org/packages/2f/79/720a5a6ccdee06eafa211b945b0a450e3a0b8fc3d12922f0f3c454d870d2/av-16.1.0-cp311-cp311-macosx_14_0_arm64.whl", hash = "sha256:cb296073fa6935724de72593800ba86ae49ed48af03960a4aee34f8a611f442b", size = 21492232, upload-time = "2026-01-09T20:18:19.266Z" },
    { url = "https://files.pythonhosted.org/packages/8e/4f/a1ba8d922f2f6d1a3d52419463ef26dd6c4d43ee364164a71b424b5ae204/av-16.1.0-cp311-cp311-manylinux_2_28_aarch64.whl", hash = "sha256:720edd4d25aa73723c1532bb0597806d7b9af5ee34fc02358782c358cfe2f879", size = 39291737, upload-time = "2026-01-09T20:18:21.513Z" },
    { url = "https://files.pythonhosted.org/packages/1a/31/fc62b9fe8738d2693e18d99f040b219e26e8df894c10d065f27c6b4f07e3/av-16.1.0-cp311-cp311-manylinux_2_28_x86_64.whl", hash = "sha256:c7f2bc703d0df260a1fdf4de4253c7f5500ca9fc57772ea241b0cb241bcf972e", size = 40846822, upload-time = "2026-01-09T20:18:24.275Z" },
    { url = "https://files.pythonhosted.org/packages/53/10/ab446583dbce730000e8e6beec6ec3c2753e628c7f78f334a35cad0317f4/av-16.1.0-cp311-cp311-musllinux_1_2_aarch64.whl", hash = "sha256:d69c393809babada7d54964d56099e4b30a3e1f8b5736ca5e27bd7be0e0f3c83", size = 40675604, upload-time = "2026-01-09T20:18:26.866Z" },
    { url = "https://files.pythonhosted.org/packages/31/d7/1003be685277005f6d63fd9e64904ee222fe1f7a0ea70af313468bb597db/av-16.1.0-cp311-cp311-musllinux_1_2_x86_64.whl", hash = "sha256:441892be28582356d53f282873c5a951592daaf71642c7f20165e3ddcb0b4c63", size = 42015955, upload-time = "2026-01-09T20:18:29.461Z" },
    { url = "https://files.pythonhosted.org/packages/2f/4a/fa2a38ee9306bf4579f556f94ecbc757520652eb91294d2a99c7cf7623b9/av-16.1.0-cp311-cp311-win_amd64.whl", hash = "sha256:273a3e32de64819e4a1cd96341824299fe06f70c46f2288b5dc4173944f0fd62", size = 31750339, upload-time = "2026-01-09T20:18:32.249Z" },
    { url = "https://files.pythonhosted.org/packages/9c/84/2535f55edcd426cebec02eb37b811b1b0c163f26b8d3f53b059e2ec32665/av-16.1.0-cp312-cp312-macosx_11_0_x86_64.whl", hash = "sha256:640f57b93f927fba8689f6966c956737ee95388a91bd0b8c8b5e0481f73513d6", size = 26945785, upload-time = "2026-01-09T20:18:34.486Z" },
    { url = "https://files.pythonhosted.org/packages/b6/17/ffb940c9e490bf42e86db4db1ff426ee1559cd355a69609ec1efe4d3a9eb/av-16.1.0-cp312-cp312-macosx_14_0_arm64.whl", hash = "sha256:ae3fb658eec00852ebd7412fdc141f17f3ddce8afee2d2e1cf366263ad2a3b35", size = 21481147, upload-time = "2026-01-09T20:18:36.716Z" },
    { url = "https://files.pythonhosted.org/packages/15/c1/e0d58003d2d83c3921887d5c8c9b8f5f7de9b58dc2194356a2656a45cfdc/av-16.1.0-cp312-cp312-manylinux_2_28_aarch64.whl", hash = "sha256:27ee558d9c02a142eebcbe55578a6d817fedfde42ff5676275504e16d07a7f86", size = 39517197, upload-time = "2026-01-11T09:57:31.937Z" },
    { url = "https://files.pythonhosted.org/packages/32/77/787797b43475d1b90626af76f80bfb0c12cfec5e11eafcfc4151b8c80218/av-16.1.0-cp312-cp312-manylinux_2_28_x86_64.whl", hash = "sha256:7ae547f6d5fa31763f73900d43901e8c5fa6367bb9a9840978d57b5a7ae14ed2", size = 41174337, upload-time = "2026-01-11T09:57:35.792Z" },
    { url = "https://files.pythonhosted.org/packages/8e/ac/d90df7f1e3b97fc5554cf45076df5045f1e0a6adf13899e10121229b826c/av-16.1.0-cp312-cp312-musllinux_1_2_aarch64.whl", hash = "sha256:8cf065f9d438e1921dc31fc7aa045790b58aee71736897866420d80b5450f62a", size = 40817720, upload-time = "2026-01-11T09:57:39.039Z" },
    { url = "https://files.pythonhosted.org/packages/80/6f/13c3a35f9dbcebafd03fe0c4cbd075d71ac8968ec849a3cfce406c35a9d2/av-16.1.0-cp312-cp312-musllinux_1_2_x86_64.whl", hash = "sha256:a345877a9d3cc0f08e2bc4ec163ee83176864b92587afb9d08dff50f37a9a829", size = 42267396, upload-time = "2026-01-11T09:57:42.115Z" },
    { url = "https://files.pythonhosted.org/packages/c8/b9/275df9607f7fb44317ccb1d4be74827185c0d410f52b6e2cd770fe209118/av-16.1.0-cp312-cp312-win_amd64.whl", hash = "sha256:f49243b1d27c91cd8c66fdba90a674e344eb8eb917264f36117bf2b6879118fd", size = 31752045, upload-time = "2026-01-11T09:57:45.106Z" },
    { url = "https://files.pythonhosted.org/packages/75/2a/63797a4dde34283dd8054219fcb29294ba1c25d68ba8c8c8a6ae53c62c45/av-16.1.0-cp313-cp313-macosx_11_0_x86_64.whl", hash = "sha256:ce2a1b3d8bf619f6c47a9f28cfa7518ff75ddd516c234a4ee351037b05e6a587", size = 26916715, upload-time = "2026-01-11T09:57:47.682Z" },
    { url = "https://files.pythonhosted.org/packages/d2/c4/0b49cf730d0ae8cda925402f18ae814aef351f5772d14da72dd87ff66448/av-16.1.0-cp313-cp313-macosx_14_0_arm64.whl", hash = "sha256:408dbe6a2573ca58a855eb8cd854112b33ea598651902c36709f5f84c991ed8e", size = 21452167, upload-time = "2026-01-11T09:57:50.606Z" },
    { url = "https://files.pythonhosted.org/packages/51/23/408806503e8d5d840975aad5699b153aaa21eb6de41ade75248a79b7a37f/av-16.1.0-cp313-cp313-manylinux_2_28_aarch64.whl", hash = "sha256:57f657f86652a160a8a01887aaab82282f9e629abf94c780bbdbb01595d6f0f7", size = 39215659, upload-time = "2026-01-11T09:57:53.757Z" },
    { url = "https://files.pythonhosted.org/packages/c4/19/a8528d5bba592b3903f44c28dab9cc653c95fcf7393f382d2751a1d1523e/av-16.1.0-cp313-cp313-manylinux_2_28_x86_64.whl", hash = "sha256:adbad2b355c2ee4552cac59762809d791bda90586d134a33c6f13727fb86cb3a", size = 40874970, upload-time = "2026-01-11T09:57:56.802Z" },
    { url = "https://files.pythonhosted.org/packages/e8/24/2dbcdf0e929ad56b7df078e514e7bd4ca0d45cba798aff3c8caac097d2f7/av-16.1.0-cp313-cp313-musllinux_1_2_aarch64.whl", hash = "sha256:f42e1a68ec2aebd21f7eb6895be69efa6aa27eec1670536876399725bbda4b99", size = 40530345, upload-time = "2026-01-11T09:58:00.421Z" },
    { url = "https://files.pythonhosted.org/packages/54/27/ae91b41207f34e99602d1c72ab6ffd9c51d7c67e3fbcd4e3a6c0e54f882c/av-16.1.0-cp313-cp313-musllinux_1_2_x86_64.whl", hash = "sha256:58fe47aeaef0f100c40ec8a5de9abbd37f118d3ca03829a1009cf288e9aef67c", size = 41972163, upload-time = "2026-01-11T09:58:03.756Z" },
    { url = "https://files.pythonhosted.org/packages/fc/7a/22158fb923b2a9a00dfab0e96ef2e8a1763a94dd89e666a5858412383d46/av-16.1.0-cp313-cp313-win_amd64.whl", hash = "sha256:565093ebc93b2f4b76782589564869dadfa83af5b852edebedd8fee746457d06", size = 31729230, upload-time = "2026-01-11T09:58:07.254Z" },
    { url = "https://files.pythonhosted.org/packages/7f/f1/878f8687d801d6c4565d57ebec08449c46f75126ebca8e0fed6986599627/av-16.1.0-cp313-cp313t-macosx_11_0_x86_64.whl", hash = "sha256:574081a24edb98343fd9f473e21ae155bf61443d4ec9d7708987fa597d6b04b2", size = 27008769, upload-time = "2026-01-11T09:58:10.266Z" },
    { url = "https://files.pythonhosted.org/packages/30/f1/bd4ce8c8b5cbf1d43e27048e436cbc9de628d48ede088a1d0a993768eb86/av-16.1.0-cp313-cp313t-macosx_14_0_arm64.whl", hash = "sha256:9ab00ea29c25ebf2ea1d1e928d7babb3532d562481c5d96c0829212b70756ad0", size = 21590588, upload-time = "2026-01-11T09:58:12.629Z" },
    { url = "https://files.pythonhosted.org/packages/1d/dd/c81f6f9209201ff0b5d5bed6da6c6e641eef52d8fbc930d738c3f4f6f75d/av-16.1.0-cp313-cp313t-manylinux_2_28_aarch64.whl", hash = "sha256:a84a91188c1071f238a9523fd42dbe567fb2e2607b22b779851b2ce0eac1b560", size = 40638029, upload-time = "2026-01-11T09:58:15.399Z" },
    { url = "https://files.pythonhosted.org/packages/15/4d/07edff82b78d0459a6e807e01cd280d3180ce832efc1543de80d77676722/av-16.1.0-cp313-cp313t-manylinux_2_28_x86_64.whl", hash = "sha256:c2cd0de4dd022a7225ff224fde8e7971496d700be41c50adaaa26c07bb50bf97", size = 41970776, upload-time = "2026-01-11T09:58:19.075Z" },
    { url = "https://files.pythonhosted.org/packages/da/9d/1f48b354b82fa135d388477cd1b11b81bdd4384bd6a42a60808e2ec2d66b/av-16.1.0-cp313-cp313t-musllinux_1_2_aarch64.whl", hash = "sha256:0816143530624a5a93bc5494f8c6eeaf77549b9366709c2ac8566c1e9bff6df5", size = 41764751, upload-time = "2026-01-11T09:58:22.788Z" },
    { url = "https://files.pythonhosted.org/packages/2f/c7/a509801e98db35ec552dd79da7bdbcff7104044bfeb4c7d196c1ce121593/av-16.1.0-cp313-cp313t-musllinux_1_2_x86_64.whl", hash = "sha256:e3a28053af29644696d0c007e897d19b1197585834660a54773e12a40b16974c", size = 43034355, upload-time = "2026-01-11T09:58:26.125Z" },
    { url = "https://files.pythonhosted.org/packages/36/8b/e5f530d9e8f640da5f5c5f681a424c65f9dd171c871cd255d8a861785a6e/av-16.1.0-cp313-cp313t-win_amd64.whl", hash = "sha256:2e3e67144a202b95ed299d165232533989390a9ea3119d37eccec697dc6dbb0c", size = 31947047, upload-time = "2026-01-11T09:58:31.867Z" },
]

[[package]]
name = "lerobot"
version = "0.1.0"
source = { editable = "." }
dependencies = [
    { name = "av" },
]

[package.dev-dependencies]
dev = [
    { name = "lerobot" },
]

[package.metadata]
requires-dist = [{ name = "av", specifier = ">=16.1.0" }]

[package.metadata.requires-dev]
dev = [{ name = "lerobot", editable = "." }]
